
Microsoft Visual Studio Solution File, Format Version 12.00
# Visual Studio Version 16
VisualStudioVersion = 16.0.31005.135
MinimumVisualStudioVersion = 10.0.40219.1
Project("{FAE04EC0-301F-11D3-BF4B-00C04F79EFBC}") = "MapMakerTools", "MapMakerTools.csproj", "{29247871-636D-4DC4-ABED-0810C1DCA99D}"
EndProject
Global
	GlobalSection(SolutionConfigurationPlatforms) = preSolution
		Debug|Any CPU = Debug|Any CPU
		Release|Any CPU = Release|Any CPU
	EndGlobalSection
	GlobalSection(ProjectConfigurationPlatforms) = postSolution
		{29247871-636D-4DC4-ABED-0810C1DCA99D}.Debug|Any CPU.ActiveCfg = Debug|Any CPU
		{29247871-636D-4DC4-ABED-0810C1DCA99D}.Debug|Any CPU.Build.0 = Debug|Any CPU
		{29247871-636D-4DC4-ABED-0810C1DCA99D}.Release|Any CPU.ActiveCfg = Release|Any CPU
		{29247871-636D-4DC4-ABED-0810C1DCA99D}.Release|Any CPU.Build.0 = Release|Any CPU
	EndGlobalSection
	GlobalSection(SolutionProperties) = preSolution
		HideSolutionNode = FALSE
	EndGlobalSection
	GlobalSection(ExtensibilityGlobals) = postSolution
		SolutionGuid = {2FD844D7-5EFB-4F01-8487-CFB82D2E1416}
	EndGlobalSection
EndGlobal
